schema: '2.0'
stages:
  train:
    cmd: python src/train.py
    deps:
    - path: data/diabetes.csv
      hash: md5
      md5: f2906818eda8fcfc8f8416557ab1e6df
      size: 23873
    - path: src/train.py
      hash: md5
      md5: c06a252ab5ff5dcea1636e0f357a5267
      size: 2759
      isexec: true
    outs:
    - path: metrics.json
      hash: md5
      md5: 48fdc0d7d01a60cf166db06630ee08d8
      size: 211
    - path: mlruns/
      hash: md5
      md5: f0aee30d453e86144e6537a7f5980f36.dir
      size: 3147511
      nfiles: 5
    - path: models/model.pkl
      hash: md5
      md5: 903c9001ebaf31176ff5fe9be2921f48
      size: 659273
  validate:
    cmd: python src/validate.py
    deps:
    - path: data/diabetes.csv
      hash: md5
      md5: f2906818eda8fcfc8f8416557ab1e6df
      size: 23873
    - path: models/model.pkl
      hash: md5
      md5: 903c9001ebaf31176ff5fe9be2921f48
      size: 659273
    - path: src/validate.py
      hash: md5
      md5: 8b45016eb2709428d38db413ada71e97
      size: 2077
      isexec: true
